{
    "version": 3,
    "terraform_version": "0.11.11",
    "serial": 35,
    "lineage": "e97b8af7-e3f9-45ed-18dc-576df57736ed",
    "modules": [
        {
            "path": [
                "root"
            ],
            "outputs": {
                "aws_ecs_task_definition_arn": {
                    "sensitive": false,
                    "type": "string",
                    "value": "default-cluster-default-echo-service:21"
                },
                "aws_ecs_task_definition_family": {
                    "sensitive": false,
                    "type": "string",
                    "value": "default-cluster-default-echo-service"
                },
                "ecs_taskrole_arn": {
                    "sensitive": false,
                    "type": "string",
                    "value": "arn:aws:iam::797196847456:role/default-cluster-default-echo-service-task-role"
                },
                "ecs_taskrole_name": {
                    "sensitive": false,
                    "type": "string",
                    "value": "default-cluster-default-echo-service-task-role"
                },
                "has_changed": {
                    "sensitive": false,
                    "type": "string",
                    "value": "\nImage: cjimti/go-echo | cjimti/go-echo\nCPU: 256 | 256\nMemory: 128 | 128\nMemory Reservation: 0 | 0\nDocker Labels:  | \nEnvironment: {} | {}\nHas_changed: false\n"
                },
                "lb_address": {
                    "sensitive": false,
                    "type": "string",
                    "value": "default-service-nlb-385c0544b7cb7750.elb.ap-southeast-2.amazonaws.com"
                },
                "lb_target_group_arn": {
                    "sensitive": false,
                    "type": "string",
                    "value": "arn:aws:elasticloadbalancing:ap-southeast-2:797196847456:targetgroup/default-cluster-default-echo-ser/60adea76eab78b9e"
                },
                "task_execution_role_arn": {
                    "sensitive": false,
                    "type": "string",
                    "value": ""
                }
            },
            "resources": {
                "aws_lb.this": {
                    "type": "aws_lb",
                    "depends_on": [
                        "data.aws_subnet.selected"
                    ],
                    "primary": {
                        "id": "arn:aws:elasticloadbalancing:ap-southeast-2:797196847456:loadbalancer/net/default-service-nlb/385c0544b7cb7750",
                        "attributes": {
                            "access_logs.#": "0",
                            "arn": "arn:aws:elasticloadbalancing:ap-southeast-2:797196847456:loadbalancer/net/default-service-nlb/385c0544b7cb7750",
                            "arn_suffix": "net/default-service-nlb/385c0544b7cb7750",
                            "dns_name": "default-service-nlb-385c0544b7cb7750.elb.ap-southeast-2.amazonaws.com",
                            "enable_cross_zone_load_balancing": "true",
                            "enable_deletion_protection": "false",
                            "id": "arn:aws:elasticloadbalancing:ap-southeast-2:797196847456:loadbalancer/net/default-service-nlb/385c0544b7cb7750",
                            "internal": "false",
                            "ip_address_type": "ipv4",
                            "load_balancer_type": "network",
                            "name": "default-service-nlb",
                            "security_groups.#": "0",
                            "subnet_mapping.#": "0",
                            "subnets.#": "1",
                            "subnets.2975864281": "subnet-13dd6d64",
                            "tags.%": "1",
                            "tags.Environment": "default",
                            "vpc_id": "vpc-559f3430",
                            "zone_id": "ZCT6FZBF4DROD"
                        },
                        "meta": {
                            "e2bfb730-ecaa-11e6-8f88-34363bc7c4c0": {
                                "create": 600000000000,
                                "delete": 600000000000,
                                "update": 600000000000
                            }
                        },
                        "tainted": false
                    },
                    "deposed": [],
                    "provider": "provider.aws"
                },
                "aws_route53_zone.this": {
                    "type": "aws_route53_zone",
                    "depends_on": [],
                    "primary": {
                        "id": "Z22CAY1BYEDB5I",
                        "attributes": {
                            "comment": "Managed by Terraform",
                            "delegation_set_id": "",
                            "force_destroy": "false",
                            "id": "Z22CAY1BYEDB5I",
                            "name": "some.zonename.com.",
                            "name_servers.#": "4",
                            "name_servers.0": "ns-1406.awsdns-47.org",
                            "name_servers.1": "ns-1929.awsdns-49.co.uk",
                            "name_servers.2": "ns-428.awsdns-53.com",
                            "name_servers.3": "ns-648.awsdns-17.net",
                            "tags.%": "0",
                            "vpc.#": "0",
                            "zone_id": "Z22CAY1BYEDB5I"
                        },
                        "meta": {},
                        "tainted": false
                    },
                    "deposed": [],
                    "provider": "provider.aws"
                },
                "aws_security_group_rule.allow_all": {
                    "type": "aws_security_group_rule",
                    "depends_on": [
                        "data.aws_security_group.selected"
                    ],
                    "primary": {
                        "id": "sgrule-3604072867",
                        "attributes": {
                            "cidr_blocks.#": "1",
                            "cidr_blocks.0": "0.0.0.0/0",
                            "description": "",
                            "from_port": "1025",
                            "id": "sgrule-3604072867",
                            "ipv6_cidr_blocks.#": "0",
                            "prefix_list_ids.#": "0",
                            "protocol": "tcp",
                            "security_group_id": "sg-cf374eaa",
                            "self": "false",
                            "to_port": "1025",
                            "type": "ingress"
                        },
                        "meta": {
                            "schema_version": "2"
                        },
                        "tainted": false
                    },
                    "deposed": [],
                    "provider": "provider.aws"
                },
                "aws_security_group_rule.allow_ecs": {
                    "type": "aws_security_group_rule",
                    "depends_on": [
                        "data.aws_network_interface.nlb",
                        "data.aws_security_group.selected"
                    ],
                    "primary": {
                        "id": "sgrule-3885103925",
                        "attributes": {
                            "cidr_blocks.#": "1",
                            "cidr_blocks.0": "172.31.24.110/32",
                            "from_port": "32768",
                            "id": "sgrule-3885103925",
                            "protocol": "tcp",
                            "security_group_id": "sg-cf374eaa",
                            "self": "false",
                            "to_port": "65535",
                            "type": "ingress"
                        },
                        "meta": {
                            "schema_version": "2"
                        },
                        "tainted": false
                    },
                    "deposed": [],
                    "provider": "provider.aws"
                },
                "aws_security_group_rule.allow_user": {
                    "type": "aws_security_group_rule",
                    "depends_on": [
                        "data.aws_security_group.selected",
                        "data.http.icanhazip"
                    ],
                    "primary": {
                        "id": "sgrule-1918776675",
                        "attributes": {
                            "cidr_blocks.#": "1",
                            "cidr_blocks.0": "210.54.242.103/32",
                            "from_port": "32768",
                            "id": "sgrule-1918776675",
                            "protocol": "tcp",
                            "security_group_id": "sg-cf374eaa",
                            "self": "false",
                            "to_port": "65535",
                            "type": "ingress"
                        },
                        "meta": {
                            "schema_version": "2"
                        },
                        "tainted": false
                    },
                    "deposed": [],
                    "provider": "provider.aws"
                },
                "data.aws_availability_zones.available": {
                    "type": "aws_availability_zones",
                    "depends_on": [],
                    "primary": {
                        "id": "2019-03-05 21:11:39.113963 +0000 UTC",
                        "attributes": {
                            "id": "2019-03-05 21:11:39.113963 +0000 UTC",
                            "names.#": "3",
                            "names.0": "ap-southeast-2a",
                            "names.1": "ap-southeast-2b",
                            "names.2": "ap-southeast-2c",
                            "zone_ids.#": "3",
                            "zone_ids.0": "apse2-az3",
                            "zone_ids.1": "apse2-az1",
                            "zone_ids.2": "apse2-az2"
                        },
                        "meta": {},
                        "tainted": false
                    },
                    "deposed": [],
                    "provider": "provider.aws"
                },
                "data.aws_network_interface.nlb": {
                    "type": "aws_network_interface",
                    "depends_on": [
                        "aws_lb.this",
                        "data.aws_subnet.selected"
                    ],
                    "primary": {
                        "id": "eni-0c7730331fc62f400",
                        "attributes": {
                            "association.#": "1",
                            "association.0.allocation_id": "",
                            "association.0.association_id": "",
                            "association.0.ip_owner_id": "122568916841",
                            "association.0.public_dns_name": "ec2-52-62-29-124.ap-southeast-2.compute.amazonaws.com",
                            "association.0.public_ip": "52.62.29.124",
                            "attachment.#": "1",
                            "attachment.0.attachment_id": "ela-attach-a22e0c86",
                            "attachment.0.device_index": "1",
                            "attachment.0.instance_id": "",
                            "attachment.0.instance_owner_id": "",
                            "availability_zone": "ap-southeast-2a",
                            "description": "ELB net/default-service-nlb/385c0544b7cb7750",
                            "filter.#": "2",
                            "filter.2753569122.name": "subnet-id",
                            "filter.2753569122.values.#": "1",
                            "filter.2753569122.values.0": "subnet-13dd6d64",
                            "filter.2786744436.name": "description",
                            "filter.2786744436.values.#": "1",
                            "filter.2786744436.values.0": "ELB net/default-service-nlb/385c0544b7cb7750",
                            "id": "eni-0c7730331fc62f400",
                            "interface_type": "network_load_balancer",
                            "ipv6_addresses.#": "0",
                            "mac_address": "06:48:0a:07:bb:d2",
                            "owner_id": "797196847456",
                            "private_dns_name": "ip-172-31-24-110.ap-southeast-2.compute.internal",
                            "private_ip": "172.31.24.110",
                            "private_ips.#": "1",
                            "private_ips.0": "172.31.24.110",
                            "requester_id": "122568916841",
                            "security_groups.#": "0",
                            "subnet_id": "subnet-13dd6d64",
                            "tags.%": "0",
                            "vpc_id": "vpc-559f3430"
                        },
                        "meta": {},
                        "tainted": false
                    },
                    "deposed": [],
                    "provider": "provider.aws"
                },
                "data.aws_security_group.selected": {
                    "type": "aws_security_group",
                    "depends_on": [
                        "data.aws_vpc.selected"
                    ],
                    "primary": {
                        "id": "sg-cf374eaa",
                        "attributes": {
                            "arn": "arn:aws:ec2:ap-southeast-2:797196847456:security-group/sg-cf374eaa",
                            "description": "default VPC security group",
                            "id": "sg-cf374eaa",
                            "name": "default",
                            "tags.%": "0",
                            "vpc_id": "vpc-559f3430"
                        },
                        "meta": {},
                        "tainted": false
                    },
                    "deposed": [],
                    "provider": "provider.aws"
                },
                "data.aws_subnet.selected": {
                    "type": "aws_subnet",
                    "depends_on": [
                        "data.aws_availability_zones.available",
                        "data.aws_vpc.selected"
                    ],
                    "primary": {
                        "id": "subnet-13dd6d64",
                        "attributes": {
                            "arn": "arn:aws:ec2:ap-southeast-2:797196847456:subnet/subnet-13dd6d64",
                            "assign_ipv6_address_on_creation": "false",
                            "availability_zone": "ap-southeast-2a",
                            "availability_zone_id": "apse2-az3",
                            "cidr_block": "172.31.16.0/20",
                            "default_for_az": "true",
                            "id": "subnet-13dd6d64",
                            "map_public_ip_on_launch": "true",
                            "owner_id": "797196847456",
                            "state": "available",
                            "tags.%": "0",
                            "vpc_id": "vpc-559f3430"
                        },
                        "meta": {},
                        "tainted": false
                    },
                    "deposed": [],
                    "provider": "provider.aws"
                },
                "data.aws_vpc.selected": {
                    "type": "aws_vpc",
                    "depends_on": [],
                    "primary": {
                        "id": "vpc-559f3430",
                        "attributes": {
                            "arn": "arn:aws:ec2:ap-southeast-2:797196847456:vpc/vpc-559f3430",
                            "cidr_block": "172.31.0.0/16",
                            "cidr_block_associations.#": "1",
                            "cidr_block_associations.0.association_id": "vpc-cidr-assoc-f79c4c9e",
                            "cidr_block_associations.0.cidr_block": "172.31.0.0/16",
                            "cidr_block_associations.0.state": "associated",
                            "default": "true",
                            "dhcp_options_id": "dopt-5729c532",
                            "enable_dns_hostnames": "true",
                            "enable_dns_support": "true",
                            "id": "vpc-559f3430",
                            "instance_tenancy": "default",
                            "main_route_table_id": "rtb-bb9b1cde",
                            "owner_id": "797196847456",
                            "state": "available",
                            "tags.%": "1",
                            "tags.Name": "HFOriginalDefault"
                        },
                        "meta": {},
                        "tainted": false
                    },
                    "deposed": [],
                    "provider": "provider.aws"
                },
                "data.http.icanhazip": {
                    "type": "http",
                    "depends_on": [],
                    "primary": {
                        "id": "2019-03-05 21:11:38.181808 +0000 UTC",
                        "attributes": {
                            "body": "210.54.242.103\n",
                            "id": "2019-03-05 21:11:38.181808 +0000 UTC",
                            "url": "http://ipv4.icanhazip.com"
                        },
                        "meta": {},
                        "tainted": false
                    },
                    "deposed": [],
                    "provider": "provider.http"
                }
            },
            "depends_on": []
        },
        {
            "path": [
                "root",
                "ecs_cluster"
            ],
            "outputs": {
                "asg_name": {
                    "sensitive": false,
                    "type": "string",
                    "value": "default-cluster"
                },
                "cluster_id": {
                    "sensitive": false,
                    "type": "string",
                    "value": "arn:aws:ecs:ap-southeast-2:797196847456:cluster/default-cluster"
                },
                "ecs_cluster_name": {
                    "sensitive": false,
                    "type": "string",
                    "value": "default-cluster"
                },
                "ecs_instance_profile": {
                    "sensitive": false,
                    "type": "string",
                    "value": "arn:aws:iam::797196847456:instance-profile/default-cluster-ecs-cluster-instance-profile"
                },
                "ecs_instance_role": {
                    "sensitive": false,
                    "type": "string",
                    "value": "default-cluster_ecs-cluster-ec2_instance_role"
                }
            },
            "resources": {
                "aws_ecs_cluster.this": {
                    "type": "aws_ecs_cluster",
                    "depends_on": [],
                    "primary": {
                        "id": "arn:aws:ecs:ap-southeast-2:797196847456:cluster/default-cluster",
                        "attributes": {
                            "arn": "arn:aws:ecs:ap-southeast-2:797196847456:cluster/default-cluster",
                            "id": "arn:aws:ecs:ap-southeast-2:797196847456:cluster/default-cluster",
                            "name": "default-cluster",
                            "tags.%": "0"
                        },
                        "meta": {},
                        "tainted": false
                    },
                    "deposed": [],
                    "provider": "provider.aws"
                }
            },
            "depends_on": []
        },
        {
            "path": [
                "root",
                "nlb_service"
            ],
            "outputs": {
                "aws_ecs_task_definition_arn": {
                    "sensitive": false,
                    "type": "string",
                    "value": "default-cluster-default-echo-service:21"
                },
                "aws_ecs_task_definition_family": {
                    "sensitive": false,
                    "type": "string",
                    "value": "default-cluster-default-echo-service"
                },
                "ecs_taskrole_arn": {
                    "sensitive": false,
                    "type": "string",
                    "value": "arn:aws:iam::797196847456:role/default-cluster-default-echo-service-task-role"
                },
                "ecs_taskrole_name": {
                    "sensitive": false,
                    "type": "string",
                    "value": "default-cluster-default-echo-service-task-role"
                },
                "has_changed": {
                    "sensitive": false,
                    "type": "string",
                    "value": "\nImage: cjimti/go-echo | cjimti/go-echo\nCPU: 256 | 256\nMemory: 128 | 128\nMemory Reservation: 0 | 0\nDocker Labels:  | \nEnvironment: {} | {}\nHas_changed: false\n"
                },
                "lb_target_group_arn": {
                    "sensitive": false,
                    "type": "string",
                    "value": "arn:aws:elasticloadbalancing:ap-southeast-2:797196847456:targetgroup/default-cluster-default-echo-ser/60adea76eab78b9e"
                },
                "task_execution_role_arn": {
                    "sensitive": false,
                    "type": "string",
                    "value": ""
                }
            },
            "resources": {
                "aws_cloudwatch_log_group.app": {
                    "type": "aws_cloudwatch_log_group",
                    "depends_on": [
                        "local.ecs_cluster_name"
                    ],
                    "primary": {
                        "id": "default-cluster/default-echo-service",
                        "attributes": {
                            "arn": "arn:aws:logs:ap-southeast-2:797196847456:log-group:default-cluster/default-echo-service:*",
                            "id": "default-cluster/default-echo-service",
                            "kms_key_id": "",
                            "name": "default-cluster/default-echo-service",
                            "retention_in_days": "14",
                            "tags.%": "0"
                        },
                        "meta": {},
                        "tainted": false
                    },
                    "deposed": [],
                    "provider": "provider.aws"
                }
            },
            "depends_on": []
        },
        {
            "path": [
                "root",
                "ecs_cluster",
                "autoscalinggroup"
            ],
            "outputs": {
                "asg_name": {
                    "sensitive": false,
                    "type": "string",
                    "value": "default-cluster"
                }
            },
            "resources": {
                "aws_autoscaling_group.this": {
                    "type": "aws_autoscaling_group",
                    "depends_on": [
                        "aws_launch_configuration.launch_config",
                        "local.name",
                        "local.tags_asg_format"
                    ],
                    "primary": {
                        "id": "default-cluster",
                        "attributes": {
                            "arn": "arn:aws:autoscaling:ap-southeast-2:797196847456:autoScalingGroup:dc7de0a9-4004-4eff-9931-9f88f7b21fe2:autoScalingGroupName/default-cluster",
                            "availability_zones.#": "1",
                            "availability_zones.3148583350": "ap-southeast-2a",
                            "default_cooldown": "300",
                            "desired_capacity": "1",
                            "enabled_metrics.#": "8",
                            "enabled_metrics.119681000": "GroupStandbyInstances",
                            "enabled_metrics.1940933563": "GroupTotalInstances",
                            "enabled_metrics.308948767": "GroupPendingInstances",
                            "enabled_metrics.3267518000": "GroupTerminatingInstances",
                            "enabled_metrics.3394537085": "GroupDesiredCapacity",
                            "enabled_metrics.3551801763": "GroupInServiceInstances",
                            "enabled_metrics.4118539418": "GroupMinSize",
                            "enabled_metrics.4136111317": "GroupMaxSize",
                            "force_delete": "false",
                            "health_check_grace_period": "300",
                            "health_check_type": "EC2",
                            "id": "default-cluster",
                            "launch_configuration": "default-cluster-20190301030128926600000001",
                            "launch_template.#": "0",
                            "load_balancers.#": "0",
                            "max_size": "1",
                            "metrics_granularity": "1Minute",
                            "min_size": "1",
                            "mixed_instances_policy.#": "0",
                            "name": "default-cluster",
                            "placement_group": "",
                            "protect_from_scale_in": "false",
                            "service_linked_role_arn": "arn:aws:iam::797196847456:role/aws-service-role/autoscaling.amazonaws.com/AWSServiceRoleForAutoScaling",
                            "suspended_processes.#": "0",
                            "tags.#": "2",
                            "tags.0.%": "3",
                            "tags.0.key": "Name",
                            "tags.0.propagate_at_launch": "1",
                            "tags.0.value": "default-cluster",
                            "tags.1.%": "3",
                            "tags.1.key": "Environment",
                            "tags.1.propagate_at_launch": "1",
                            "tags.1.value": "default",
                            "target_group_arns.#": "0",
                            "termination_policies.#": "0",
                            "vpc_zone_identifier.#": "1",
                            "vpc_zone_identifier.2975864281": "subnet-13dd6d64",
                            "wait_for_capacity_timeout": "10m"
                        },
                        "meta": {
                            "e2bfb730-ecaa-11e6-8f88-34363bc7c4c0": {
                                "delete": 600000000000
                            }
                        },
                        "tainted": false
                    },
                    "deposed": [],
                    "provider": "provider.aws"
                },
                "aws_cloudwatch_log_group.ecs": {
                    "type": "aws_cloudwatch_log_group",
                    "depends_on": [],
                    "primary": {
                        "id": "default-cluster/ecs-agent",
                        "attributes": {
                            "arn": "arn:aws:logs:ap-southeast-2:797196847456:log-group:default-cluster/ecs-agent:*",
                            "id": "default-cluster/ecs-agent",
                            "kms_key_id": "",
                            "name": "default-cluster/ecs-agent",
                            "retention_in_days": "0",
                            "tags.%": "0"
                        },
                        "meta": {},
                        "tainted": false
                    },
                    "deposed": [],
                    "provider": "provider.aws"
                },
                "aws_launch_configuration.launch_config": {
                    "type": "aws_launch_configuration",
                    "depends_on": [],
                    "primary": {
                        "id": "default-cluster-20190301030128926600000001",
                        "attributes": {
                            "associate_public_ip_address": "false",
                            "ebs_block_device.#": "1",
                            "ebs_block_device.1425141933.delete_on_termination": "true",
                            "ebs_block_device.1425141933.device_name": "/dev/xvdcz",
                            "ebs_block_device.1425141933.encrypted": "true",
                            "ebs_block_device.1425141933.iops": "0",
                            "ebs_block_device.1425141933.no_device": "false",
                            "ebs_block_device.1425141933.snapshot_id": "",
                            "ebs_block_device.1425141933.volume_size": "30",
                            "ebs_block_device.1425141933.volume_type": "gp2",
                            "ebs_optimized": "false",
                            "enable_monitoring": "true",
                            "ephemeral_block_device.#": "0",
                            "iam_instance_profile": "arn:aws:iam::797196847456:instance-profile/default-cluster-ecs-cluster-instance-profile",
                            "id": "default-cluster-20190301030128926600000001",
                            "image_id": "ami-0da17ed69155c5e55",
                            "instance_type": "t3.small",
                            "key_name": "",
                            "name": "default-cluster-20190301030128926600000001",
                            "name_prefix": "default-cluster-",
                            "root_block_device.#": "1",
                            "root_block_device.0.delete_on_termination": "true",
                            "root_block_device.0.iops": "0",
                            "root_block_device.0.volume_size": "15",
                            "root_block_device.0.volume_type": "gp2",
                            "security_groups.#": "1",
                            "security_groups.472473060": "sg-cf374eaa",
                            "spot_price": "",
                            "user_data": "40f2d92e4775af40c1835e0e0effe79f62073e60",
                            "vpc_classic_link_id": "",
                            "vpc_classic_link_security_groups.#": "0"
                        },
                        "meta": {},
                        "tainted": false
                    },
                    "deposed": [],
                    "provider": "provider.aws"
                },
                "data.aws_ami.ecs_ami": {
                    "type": "aws_ami",
                    "depends_on": [],
                    "primary": {
                        "id": "ami-0da17ed69155c5e55",
                        "attributes": {
                            "architecture": "x86_64",
                            "block_device_mappings.#": "2",
                            "block_device_mappings.2538004115.device_name": "/dev/xvdcz",
                            "block_device_mappings.2538004115.ebs.%": "6",
                            "block_device_mappings.2538004115.ebs.delete_on_termination": "true",
                            "block_device_mappings.2538004115.ebs.encrypted": "false",
                            "block_device_mappings.2538004115.ebs.iops": "0",
                            "block_device_mappings.2538004115.ebs.snapshot_id": "",
                            "block_device_mappings.2538004115.ebs.volume_size": "22",
                            "block_device_mappings.2538004115.ebs.volume_type": "gp2",
                            "block_device_mappings.2538004115.no_device": "",
                            "block_device_mappings.2538004115.virtual_name": "",
                            "block_device_mappings.340275815.device_name": "/dev/xvda",
                            "block_device_mappings.340275815.ebs.%": "6",
                            "block_device_mappings.340275815.ebs.delete_on_termination": "true",
                            "block_device_mappings.340275815.ebs.encrypted": "false",
                            "block_device_mappings.340275815.ebs.iops": "0",
                            "block_device_mappings.340275815.ebs.snapshot_id": "snap-09245907fe646bfab",
                            "block_device_mappings.340275815.ebs.volume_size": "8",
                            "block_device_mappings.340275815.ebs.volume_type": "gp2",
                            "block_device_mappings.340275815.no_device": "",
                            "block_device_mappings.340275815.virtual_name": "",
                            "creation_date": "2019-02-20T01:29:30.000Z",
                            "description": "Amazon Linux AMI 2018.03.n x86_64 ECS HVM GP2",
                            "filter.#": "2",
                            "filter.3263794121.name": "name",
                            "filter.3263794121.values.#": "1",
                            "filter.3263794121.values.0": "amzn-ami-*-amazon-ecs-optimized*",
                            "filter.574890044.name": "owner-alias",
                            "filter.574890044.values.#": "1",
                            "filter.574890044.values.0": "amazon",
                            "hypervisor": "xen",
                            "id": "ami-0da17ed69155c5e55",
                            "image_id": "ami-0da17ed69155c5e55",
                            "image_location": "amazon/amzn-ami-2018.03.n-amazon-ecs-optimized",
                            "image_owner_alias": "amazon",
                            "image_type": "machine",
                            "most_recent": "true",
                            "name": "amzn-ami-2018.03.n-amazon-ecs-optimized",
                            "owner_id": "591542846629",
                            "owners.#": "1",
                            "owners.0": "amazon",
                            "product_codes.#": "0",
                            "public": "true",
                            "root_device_name": "/dev/xvda",
                            "root_device_type": "ebs",
                            "root_snapshot_id": "snap-09245907fe646bfab",
                            "sriov_net_support": "simple",
                            "state": "available",
                            "state_reason.%": "2",
                            "state_reason.code": "UNSET",
                            "state_reason.message": "UNSET",
                            "tags.%": "0",
                            "virtualization_type": "hvm"
                        },
                        "meta": {},
                        "tainted": false
                    },
                    "deposed": [],
                    "provider": "provider.aws"
                },
                "data.aws_region._": {
                    "type": "aws_region",
                    "depends_on": [],
                    "primary": {
                        "id": "ap-southeast-2",
                        "attributes": {
                            "description": "Asia Pacific (Sydney)",
                            "endpoint": "ec2.ap-southeast-2.amazonaws.com",
                            "id": "ap-southeast-2",
                            "name": "ap-southeast-2"
                        },
                        "meta": {},
                        "tainted": false
                    },
                    "deposed": [],
                    "provider": "provider.aws"
                },
                "data.template_file.cloud_config_amazon": {
                    "type": "template_file",
                    "depends_on": [
                        "data.aws_region._",
                        "local.name"
                    ],
                    "primary": {
                        "id": "e359e367e0fc83951dda87333d658d8720b6e388b7a5381ca1dc7f21faf2ca0d",
                        "attributes": {
                            "id": "e359e367e0fc83951dda87333d658d8720b6e388b7a5381ca1dc7f21faf2ca0d",
                            "rendered": "#!/bin/bash\nset -Eeuxo pipefail\n\necho ECS_CLUSTER=default-cluster \u003e\u003e /etc/ecs/ecs.config\n\nif [ \"0\" == \"1\" ]; then\n echo 'while ! iptables -L DOCKER-USER \u003e /dev/null 2\u003e/dev/null ; do echo \"Waiting for the iptables DOCKER-USER chain to exist\";sleep 1;done' \u003e\u003e /etc/rc.local\n echo iptables --insert DOCKER-USER 1 --in-interface docker+ --destination 169.254.169.254/32 --jump DROP \u003e\u003e /etc/rc.local\nfi\n\n# EFS MOUNTING\nif [ \"0\" == \"1\" ]; then\n  mkdir -p /mnt/efs\n  if ! rpm -qa | grep -qw nfs-utils; then\n    yum -y install nfs-utils\n  fi\n  if ! rpm -qa | grep -qw python27; then\n\t  yum -y install python27\n  fi\n  AZ_ZONE=$(curl -L http://169.254.169.254/latest/meta-data/placement/availability-zone);\n  DIR_SRC=$AZ_ZONE..efs.ap-southeast-2.amazonaws.com\n  DIR_TGT=/mnt/efs\n\n  mount -t nfs4 $DIR_SRC:/ $DIR_TGT\n  cp -p /etc/fstab /etc/fstab.back-$(date +%F)\n  #Append line to fstab\n  echo -e \"$DIR_SRC:/ \\t\\t $DIR_TGT \\t\\t nfs \\t\\t defaults \\t\\t 0 \\t\\t 0\" | tee -a /etc/fstab\nfi\n\n\n",
                            "template": "#!/bin/bash\nset -Eeuxo pipefail\n\necho ECS_CLUSTER=${name} \u003e\u003e /etc/ecs/ecs.config\n\nif [ \"${block_metadata_service}\" == \"1\" ]; then\n echo 'while ! iptables -L DOCKER-USER \u003e /dev/null 2\u003e/dev/null ; do echo \"Waiting for the iptables DOCKER-USER chain to exist\";sleep 1;done' \u003e\u003e /etc/rc.local\n echo iptables --insert DOCKER-USER 1 --in-interface docker+ --destination 169.254.169.254/32 --jump DROP \u003e\u003e /etc/rc.local\nfi\n\n# EFS MOUNTING\nif [ \"${efs_enabled}\" == \"1\" ]; then\n  mkdir -p ${efs_mount_folder}\n  if ! rpm -qa | grep -qw nfs-utils; then\n    yum -y install nfs-utils\n  fi\n  if ! rpm -qa | grep -qw python27; then\n\t  yum -y install python27\n  fi\n  AZ_ZONE=$(curl -L http://169.254.169.254/latest/meta-data/placement/availability-zone);\n  DIR_SRC=$AZ_ZONE.${efs_id}.efs.${region}.amazonaws.com\n  DIR_TGT=${efs_mount_folder}\n\n  mount -t nfs4 $DIR_SRC:/ $DIR_TGT\n  cp -p /etc/fstab /etc/fstab.back-$(date +%F)\n  #Append line to fstab\n  echo -e \"$DIR_SRC:/ \\t\\t $DIR_TGT \\t\\t nfs \\t\\t defaults \\t\\t 0 \\t\\t 0\" | tee -a /etc/fstab\nfi\n\n${custom_userdata}\n",
                            "vars.%": "7",
                            "vars.block_metadata_service": "0",
                            "vars.custom_userdata": "",
                            "vars.efs_enabled": "0",
                            "vars.efs_id": "",
                            "vars.efs_mount_folder": "/mnt/efs",
                            "vars.name": "default-cluster",
                            "vars.region": "ap-southeast-2"
                        },
                        "meta": {},
                        "tainted": false
                    },
                    "deposed": [],
                    "provider": "provider.template"
                },
                "null_resource.tags_as_list_of_maps": {
                    "type": "null_resource",
                    "depends_on": [],
                    "primary": {
                        "id": "7382218736553119663",
                        "attributes": {
                            "id": "7382218736553119663",
                            "triggers.%": "3",
                            "triggers.key": "Environment",
                            "triggers.propagate_at_launch": "true",
                            "triggers.value": "default"
                        },
                        "meta": {},
                        "tainted": false
                    },
                    "deposed": [],
                    "provider": "provider.null"
                }
            },
            "depends_on": []
        },
        {
            "path": [
                "root",
                "ecs_cluster",
                "iam"
            ],
            "outputs": {
                "ecs_instance_profile": {
                    "sensitive": false,
                    "type": "string",
                    "value": "arn:aws:iam::797196847456:instance-profile/default-cluster-ecs-cluster-instance-profile"
                },
                "ecs_instance_role": {
                    "sensitive": false,
                    "type": "string",
                    "value": "default-cluster_ecs-cluster-ec2_instance_role"
                }
            },
            "resources": {
                "aws_iam_instance_profile.ecs_cluster_ec2_instance_profile": {
                    "type": "aws_iam_instance_profile",
                    "depends_on": [
                        "aws_iam_role.ecs_cluster_ec2_instance_role"
                    ],
                    "primary": {
                        "id": "default-cluster-ecs-cluster-instance-profile",
                        "attributes": {
                            "arn": "arn:aws:iam::797196847456:instance-profile/default-cluster-ecs-cluster-instance-profile",
                            "create_date": "2019-02-28T23:13:46Z",
                            "id": "default-cluster-ecs-cluster-instance-profile",
                            "name": "default-cluster-ecs-cluster-instance-profile",
                            "path": "/",
                            "role": "default-cluster_ecs-cluster-ec2_instance_role",
                            "roles.#": "1",
                            "roles.3027978703": "default-cluster_ecs-cluster-ec2_instance_role",
                            "unique_id": "AIPAJWPNTXM3GKIB4XIPG"
                        },
                        "meta": {},
                        "tainted": false
                    },
                    "deposed": [],
                    "provider": "provider.aws"
                },
                "aws_iam_role.ecs_cluster_ec2_instance_role": {
                    "type": "aws_iam_role",
                    "depends_on": [
                        "data.aws_iam_policy_document.ec2_instance"
                    ],
                    "primary": {
                        "id": "default-cluster_ecs-cluster-ec2_instance_role",
                        "attributes": {
                            "arn": "arn:aws:iam::797196847456:role/default-cluster_ecs-cluster-ec2_instance_role",
                            "assume_role_policy": "{\"Version\":\"2012-10-17\",\"Statement\":[{\"Sid\":\"\",\"Effect\":\"Allow\",\"Principal\":{\"Service\":\"ec2.amazonaws.com\"},\"Action\":\"sts:AssumeRole\"}]}",
                            "create_date": "2019-02-28T23:13:43Z",
                            "description": "",
                            "force_detach_policies": "false",
                            "id": "default-cluster_ecs-cluster-ec2_instance_role",
                            "max_session_duration": "3600",
                            "name": "default-cluster_ecs-cluster-ec2_instance_role",
                            "path": "/",
                            "tags.%": "0",
                            "unique_id": "AROAJ3C6FJKTQ32QASJLW"
                        },
                        "meta": {},
                        "tainted": false
                    },
                    "deposed": [],
                    "provider": "provider.aws"
                },
                "aws_iam_role.ecs_service": {
                    "type": "aws_iam_role",
                    "depends_on": [
                        "data.aws_iam_policy_document.ecs_service"
                    ],
                    "primary": {
                        "id": "default-cluster-ecs-role",
                        "attributes": {
                            "arn": "arn:aws:iam::797196847456:role/default-cluster-ecs-role",
                            "assume_role_policy": "{\"Version\":\"2012-10-17\",\"Statement\":[{\"Sid\":\"\",\"Effect\":\"Allow\",\"Principal\":{\"Service\":\"ecs.amazonaws.com\"},\"Action\":\"sts:AssumeRole\"}]}",
                            "create_date": "2019-02-28T23:13:43Z",
                            "description": "",
                            "force_detach_policies": "false",
                            "id": "default-cluster-ecs-role",
                            "max_session_duration": "3600",
                            "name": "default-cluster-ecs-role",
                            "path": "/",
                            "tags.%": "0",
                            "unique_id": "AROAIL655CR7LFJGKR4HQ"
                        },
                        "meta": {},
                        "tainted": false
                    },
                    "deposed": [],
                    "provider": "provider.aws"
                },
                "aws_iam_role_policy.ecs_cluster_ec2_instance_permissions": {
                    "type": "aws_iam_role_policy",
                    "depends_on": [
                        "aws_iam_role.ecs_cluster_ec2_instance_role"
                    ],
                    "primary": {
                        "id": "default-cluster_ecs-cluster-ec2_instance_role:default-cluster-ecs-instance-permissions",
                        "attributes": {
                            "id": "default-cluster_ecs-cluster-ec2_instance_role:default-cluster-ecs-instance-permissions",
                            "name": "default-cluster-ecs-instance-permissions",
                            "policy": "{\n  \"Version\": \"2012-10-17\",\n  \"Statement\": [\n    {\n      \"Effect\": \"Allow\",\n      \"Action\": [\n        \"ecs:CreateCluster\",\n        \"ecs:DeregisterContainerInstance\",\n        \"ecs:DiscoverPollEndpoint\",\n        \"ecs:Poll\",\n        \"ecs:StartTask\",\n        \"ecs:RegisterContainerInstance\",\n        \"ecs:StartTelemetrySession\",\n        \"ecs:Submit*\",\n        \"ecr:BatchCheckLayerAvailability\",\n        \"ecr:BatchGetImage\",\n        \"ecr:GetDownloadUrlForLayer\",\n        \"ecr:GetAuthorizationToken\",\n        \"cloudwatch:DescribeAlarms\",\n        \"cloudwatch:PutMetricAlarm\",\n        \"cloudwatch:PutMetricData\",\n        \"cloudwatch:GetMetricStatistics\",\n        \"cloudwatch:ListMetrics\",\n        \"ec2:Describe*\",\n        \"logs:CreateLogGroup\",\n        \"logs:CreateLogStream\",\n        \"logs:DescribeLogGroups\",\n        \"logs:DescribeLogStreams\",\n        \"logs:PutLogEvents\"\n      ],\n      \"Resource\": \"*\"\n    }\n  ]\n}\n",
                            "role": "default-cluster_ecs-cluster-ec2_instance_role"
                        },
                        "meta": {},
                        "tainted": false
                    },
                    "deposed": [],
                    "provider": "provider.aws"
                },
                "aws_iam_role_policy_attachment.ecs_service_role_attach": {
                    "type": "aws_iam_role_policy_attachment",
                    "depends_on": [
                        "aws_iam_role.ecs_service"
                    ],
                    "primary": {
                        "id": "default-cluster-ecs-role-20190228231346343500000001",
                        "attributes": {
                            "id": "default-cluster-ecs-role-20190228231346343500000001",
                            "policy_arn": "arn:aws:iam::aws:policy/service-role/AmazonEC2ContainerServiceRole",
                            "role": "default-cluster-ecs-role"
                        },
                        "meta": {},
                        "tainted": false
                    },
                    "deposed": [],
                    "provider": "provider.aws"
                },
                "data.aws_iam_policy_document.ec2_instance": {
                    "type": "aws_iam_policy_document",
                    "depends_on": [],
                    "primary": {
                        "id": "1903849331",
                        "attributes": {
                            "id": "1903849331",
                            "json": "{\n  \"Version\": \"2012-10-17\",\n  \"Statement\": [\n    {\n      \"Sid\": \"\",\n      \"Effect\": \"Allow\",\n      \"Action\": \"sts:AssumeRole\",\n      \"Principal\": {\n        \"Service\": \"ec2.amazonaws.com\"\n      }\n    }\n  ]\n}",
                            "statement.#": "1",
                            "statement.0.actions.#": "1",
                            "statement.0.actions.2528466339": "sts:AssumeRole",
                            "statement.0.condition.#": "0",
                            "statement.0.effect": "Allow",
                            "statement.0.not_actions.#": "0",
                            "statement.0.not_principals.#": "0",
                            "statement.0.not_resources.#": "0",
                            "statement.0.principals.#": "1",
                            "statement.0.principals.1134724139.identifiers.#": "1",
                            "statement.0.principals.1134724139.identifiers.3655884555": "ec2.amazonaws.com",
                            "statement.0.principals.1134724139.type": "Service",
                            "statement.0.resources.#": "0",
                            "statement.0.sid": "",
                            "version": "2012-10-17"
                        },
                        "meta": {},
                        "tainted": false
                    },
                    "deposed": [],
                    "provider": "provider.aws"
                },
                "data.aws_iam_policy_document.ecs_service": {
                    "type": "aws_iam_policy_document",
                    "depends_on": [],
                    "primary": {
                        "id": "3622649364",
                        "attributes": {
                            "id": "3622649364",
                            "json": "{\n  \"Version\": \"2012-10-17\",\n  \"Statement\": [\n    {\n      \"Sid\": \"\",\n      \"Effect\": \"Allow\",\n      \"Action\": \"sts:AssumeRole\",\n      \"Principal\": {\n        \"Service\": \"ecs.amazonaws.com\"\n      }\n    }\n  ]\n}",
                            "statement.#": "1",
                            "statement.0.actions.#": "1",
                            "statement.0.actions.2528466339": "sts:AssumeRole",
                            "statement.0.condition.#": "0",
                            "statement.0.effect": "Allow",
                            "statement.0.not_actions.#": "0",
                            "statement.0.not_principals.#": "0",
                            "statement.0.not_resources.#": "0",
                            "statement.0.principals.#": "1",
                            "statement.0.principals.1113412664.identifiers.#": "1",
                            "statement.0.principals.1113412664.identifiers.1509832800": "ecs.amazonaws.com",
                            "statement.0.principals.1113412664.type": "Service",
                            "statement.0.resources.#": "0",
                            "statement.0.sid": "",
                            "version": "2012-10-17"
                        },
                        "meta": {},
                        "tainted": false
                    },
                    "deposed": [],
                    "provider": "provider.aws"
                }
            },
            "depends_on": []
        },
        {
            "path": [
                "root",
                "nlb_service",
                "alb_handling"
            ],
            "outputs": {
                "aws_lb_listener_rules": {
                    "sensitive": false,
                    "type": "list",
                    "value": []
                },
                "lb_target_group_arn": {
                    "sensitive": false,
                    "type": "string",
                    "value": "arn:aws:elasticloadbalancing:ap-southeast-2:797196847456:targetgroup/default-cluster-default-echo-ser/60adea76eab78b9e"
                }
            },
            "resources": {
                "aws_lb_listener.nlb_listener": {
                    "type": "aws_lb_listener",
                    "depends_on": [
                        "aws_lb_target_group.service_nlb",
                        "null_resource.dependencies"
                    ],
                    "primary": {
                        "id": "arn:aws:elasticloadbalancing:ap-southeast-2:797196847456:listener/net/default-service-nlb/385c0544b7cb7750/1b70c3ecb02c5b44",
                        "attributes": {
                            "arn": "arn:aws:elasticloadbalancing:ap-southeast-2:797196847456:listener/net/default-service-nlb/385c0544b7cb7750/1b70c3ecb02c5b44",
                            "default_action.#": "1",
                            "default_action.0.authenticate_cognito.#": "0",
                            "default_action.0.authenticate_oidc.#": "0",
                            "default_action.0.fixed_response.#": "0",
                            "default_action.0.order": "1",
                            "default_action.0.redirect.#": "0",
                            "default_action.0.target_group_arn": "arn:aws:elasticloadbalancing:ap-southeast-2:797196847456:targetgroup/default-cluster-default-echo-ser/60adea76eab78b9e",
                            "default_action.0.type": "forward",
                            "id": "arn:aws:elasticloadbalancing:ap-southeast-2:797196847456:listener/net/default-service-nlb/385c0544b7cb7750/1b70c3ecb02c5b44",
                            "load_balancer_arn": "arn:aws:elasticloadbalancing:ap-southeast-2:797196847456:loadbalancer/net/default-service-nlb/385c0544b7cb7750",
                            "port": "1025",
                            "protocol": "TCP",
                            "ssl_policy": ""
                        },
                        "meta": {
                            "e2bfb730-ecaa-11e6-8f88-34363bc7c4c0": {
                                "read": 600000000000
                            }
                        },
                        "tainted": false
                    },
                    "deposed": [],
                    "provider": "provider.aws"
                },
                "aws_lb_target_group.service_nlb": {
                    "type": "aws_lb_target_group",
                    "depends_on": [
                        "aws_lb_target_group.service",
                        "local.tags",
                        "local.tg_name",
                        "null_resource.dependencies"
                    ],
                    "primary": {
                        "id": "arn:aws:elasticloadbalancing:ap-southeast-2:797196847456:targetgroup/default-cluster-default-echo-ser/60adea76eab78b9e",
                        "attributes": {
                            "arn": "arn:aws:elasticloadbalancing:ap-southeast-2:797196847456:targetgroup/default-cluster-default-echo-ser/60adea76eab78b9e",
                            "arn_suffix": "targetgroup/default-cluster-default-echo-ser/60adea76eab78b9e",
                            "deregistration_delay": "0",
                            "health_check.#": "1",
                            "health_check.0.healthy_threshold": "3",
                            "health_check.0.interval": "30",
                            "health_check.0.matcher": "",
                            "health_check.0.path": "",
                            "health_check.0.port": "traffic-port",
                            "health_check.0.protocol": "TCP",
                            "health_check.0.timeout": "10",
                            "health_check.0.unhealthy_threshold": "3",
                            "id": "arn:aws:elasticloadbalancing:ap-southeast-2:797196847456:targetgroup/default-cluster-default-echo-ser/60adea76eab78b9e",
                            "name": "default-cluster-default-echo-ser",
                            "port": "1025",
                            "protocol": "TCP",
                            "proxy_protocol_v2": "false",
                            "slow_start": "0",
                            "stickiness.#": "0",
                            "tags.%": "1",
                            "tags.Name": "default-echo-service",
                            "target_type": "instance",
                            "vpc_id": "vpc-559f3430"
                        },
                        "meta": {},
                        "tainted": false
                    },
                    "deposed": [],
                    "provider": "provider.aws"
                },
                "aws_route53_record.record_alias_a": {
                    "type": "aws_route53_record",
                    "depends_on": [
                        "data.aws_lb.main",
                        "null_resource.dependencies"
                    ],
                    "primary": {
                        "id": "Z22CAY1BYEDB5I_service-web_A_identifier",
                        "attributes": {
                            "alias.#": "1",
                            "alias.3230391680.evaluate_target_health": "false",
                            "alias.3230391680.name": "default-service-nlb-385c0544b7cb7750.elb.ap-southeast-2.amazonaws.com",
                            "alias.3230391680.zone_id": "ZCT6FZBF4DROD",
                            "fqdn": "service-web.some.zonename.com",
                            "health_check_id": "",
                            "id": "Z22CAY1BYEDB5I_service-web_A_identifier",
                            "name": "service-web",
                            "records.#": "0",
                            "set_identifier": "identifier",
                            "ttl": "0",
                            "type": "A",
                            "weighted_routing_policy.#": "1",
                            "weighted_routing_policy.0.weight": "0",
                            "zone_id": "Z22CAY1BYEDB5I"
                        },
                        "meta": {
                            "schema_version": "2"
                        },
                        "tainted": false
                    },
                    "deposed": [],
                    "provider": "provider.aws"
                },
                "data.aws_lb.main": {
                    "type": "aws_lb",
                    "depends_on": [
                        "aws_lb_target_group.service",
                        "null_resource.dependencies"
                    ],
                    "primary": {
                        "id": "arn:aws:elasticloadbalancing:ap-southeast-2:797196847456:loadbalancer/net/default-service-nlb/385c0544b7cb7750",
                        "attributes": {
                            "access_logs.#": "0",
                            "arn": "arn:aws:elasticloadbalancing:ap-southeast-2:797196847456:loadbalancer/net/default-service-nlb/385c0544b7cb7750",
                            "arn_suffix": "net/default-service-nlb/385c0544b7cb7750",
                            "dns_name": "default-service-nlb-385c0544b7cb7750.elb.ap-southeast-2.amazonaws.com",
                            "enable_deletion_protection": "false",
                            "id": "arn:aws:elasticloadbalancing:ap-southeast-2:797196847456:loadbalancer/net/default-service-nlb/385c0544b7cb7750",
                            "internal": "false",
                            "load_balancer_type": "network",
                            "name": "default-service-nlb",
                            "security_groups.#": "0",
                            "subnet_mapping.#": "0",
                            "subnets.#": "1",
                            "subnets.2975864281": "subnet-13dd6d64",
                            "tags.%": "1",
                            "tags.Environment": "default",
                            "vpc_id": "vpc-559f3430",
                            "zone_id": "ZCT6FZBF4DROD"
                        },
                        "meta": {},
                        "tainted": false
                    },
                    "deposed": [],
                    "provider": "provider.aws"
                },
                "null_resource.dependencies": {
                    "type": "null_resource",
                    "depends_on": [],
                    "primary": {
                        "id": "7299677448304955872",
                        "attributes": {
                            "id": "7299677448304955872",
                            "triggers.%": "4",
                            "triggers.cognito_auth_enabled": "0",
                            "triggers.lb_arn": "arn:aws:elasticloadbalancing:ap-southeast-2:797196847456:loadbalancer/net/default-service-nlb/385c0544b7cb7750",
                            "triggers.lb_listener_arn_https": "",
                            "triggers.route53_record_type": "ALIAS"
                        },
                        "meta": {},
                        "tainted": false
                    },
                    "deposed": [],
                    "provider": "provider.null"
                }
            },
            "depends_on": []
        },
        {
            "path": [
                "root",
                "nlb_service",
                "container_definition"
            ],
            "outputs": {
                "json": {
                    "sensitive": false,
                    "type": "string",
                    "value": "[{\"command\":null,\"cpu\":256,\"entryPoint\":null,\"environment\":null,\"essential\":true,\"healthCheck\":null,\"hostname\":\"default-echo-service\",\"image\":\"cjimti/go-echo\",\"logConfiguration\":{\"logDriver\":\"awslogs\",\"options\":{\"awslogs-group\":\"default-cluster/default-echo-service\",\"awslogs-region\":\"ap-southeast-2\",\"awslogs-stream-prefix\":\"default-echo-service\"}},\"memory\":128,\"memoryReservation\":null,\"mountPoints\":null,\"name\":\"go-echo\",\"portMappings\":[{\"containerPort\":1025,\"hostPort\":null,\"protocol\":\"tcp\"}],\"privileged\":false,\"readonlyRootFilesystem\":false,\"workingDirectory\":null}]"
                }
            },
            "resources": {},
            "depends_on": []
        },
        {
            "path": [
                "root",
                "nlb_service",
                "ecs_autoscaling"
            ],
            "outputs": {},
            "resources": {},
            "depends_on": []
        },
        {
            "path": [
                "root",
                "nlb_service",
                "ecs_service"
            ],
            "outputs": {
                "ecs_service_name": {
                    "sensitive": false,
                    "type": "string",
                    "value": "default-echo-service"
                }
            },
            "resources": {
                "aws_ecs_service.app_with_lb": {
                    "type": "aws_ecs_service",
                    "depends_on": [
                        "local.lb_attached",
                        "null_resource.aws_lb_listener_rules"
                    ],
                    "primary": {
                        "id": "arn:aws:ecs:ap-southeast-2:797196847456:service/default-echo-service",
                        "attributes": {
                            "cluster": "arn:aws:ecs:ap-southeast-2:797196847456:cluster/default-cluster",
                            "deployment_controller.#": "1",
                            "deployment_controller.0.type": "ECS",
                            "deployment_maximum_percent": "200",
                            "deployment_minimum_healthy_percent": "100",
                            "desired_count": "2",
                            "enable_ecs_managed_tags": "false",
                            "health_check_grace_period_seconds": "0",
                            "iam_role": "aws-service-role",
                            "id": "arn:aws:ecs:ap-southeast-2:797196847456:service/default-echo-service",
                            "launch_type": "EC2",
                            "load_balancer.#": "1",
                            "load_balancer.3385825833.container_name": "go-echo",
                            "load_balancer.3385825833.container_port": "1025",
                            "load_balancer.3385825833.elb_name": "",
                            "load_balancer.3385825833.target_group_arn": "arn:aws:elasticloadbalancing:ap-southeast-2:797196847456:targetgroup/default-cluster-default-echo-ser/60adea76eab78b9e",
                            "name": "default-echo-service",
                            "network_configuration.#": "0",
                            "ordered_placement_strategy.#": "0",
                            "placement_constraints.#": "0",
                            "platform_version": "",
                            "propagate_tags": "NONE",
                            "scheduling_strategy": "REPLICA",
                            "service_registries.#": "0",
                            "tags.%": "0",
                            "task_definition": "default-cluster-default-echo-service:21"
                        },
                        "meta": {},
                        "tainted": false
                    },
                    "deposed": [],
                    "provider": "provider.aws"
                },
                "null_resource.aws_lb_listener_rules": {
                    "type": "null_resource",
                    "depends_on": [],
                    "primary": {
                        "id": "7220400016905710084",
                        "attributes": {
                            "id": "7220400016905710084",
                            "triggers.%": "1",
                            "triggers.listeners": ""
                        },
                        "meta": {},
                        "tainted": false
                    },
                    "deposed": [],
                    "provider": "provider.null"
                }
            },
            "depends_on": []
        },
        {
            "path": [
                "root",
                "nlb_service",
                "ecs_task_definition"
            ],
            "outputs": {
                "aws_ecs_task_definition_arn": {
                    "sensitive": false,
                    "type": "string",
                    "value": "arn:aws:ecs:ap-southeast-2:797196847456:task-definition/default-cluster-default-echo-service:26"
                },
                "aws_ecs_task_definition_family": {
                    "sensitive": false,
                    "type": "string",
                    "value": "default-cluster-default-echo-service"
                },
                "aws_ecs_task_definition_revision": {
                    "sensitive": false,
                    "type": "string",
                    "value": "26"
                }
            },
            "resources": {
                "aws_ecs_task_definition.app": {
                    "type": "aws_ecs_task_definition",
                    "depends_on": [
                        "local.docker_volume_name"
                    ],
                    "primary": {
                        "id": "default-cluster-default-echo-service",
                        "attributes": {
                            "arn": "arn:aws:ecs:ap-southeast-2:797196847456:task-definition/default-cluster-default-echo-service:26",
                            "container_definitions": "[{\"cpu\":256,\"environment\":[],\"essential\":true,\"hostname\":\"default-echo-service\",\"image\":\"cjimti/go-echo\",\"logConfiguration\":{\"logDriver\":\"awslogs\",\"options\":{\"awslogs-group\":\"default-cluster/default-echo-service\",\"awslogs-region\":\"ap-southeast-2\",\"awslogs-stream-prefix\":\"default-echo-service\"}},\"memory\":128,\"mountPoints\":[],\"name\":\"go-echo\",\"portMappings\":[{\"containerPort\":1025,\"hostPort\":0,\"protocol\":\"tcp\"}],\"privileged\":false,\"readonlyRootFilesystem\":false,\"volumesFrom\":[]}]",
                            "cpu": "",
                            "execution_role_arn": "",
                            "family": "default-cluster-default-echo-service",
                            "id": "default-cluster-default-echo-service",
                            "memory": "",
                            "network_mode": "bridge",
                            "placement_constraints.#": "0",
                            "requires_compatibilities.#": "1",
                            "requires_compatibilities.2737437151": "EC2",
                            "revision": "26",
                            "tags.%": "0",
                            "task_role_arn": "arn:aws:iam::797196847456:role/default-cluster-default-echo-service-task-role",
                            "volume.#": "0"
                        },
                        "meta": {
                            "schema_version": "1"
                        },
                        "tainted": false
                    },
                    "deposed": [],
                    "provider": "provider.aws"
                }
            },
            "depends_on": []
        },
        {
            "path": [
                "root",
                "nlb_service",
                "ecs_task_definition_selector"
            ],
            "outputs": {
                "has_changed": {
                    "sensitive": false,
                    "type": "string",
                    "value": "\nImage: cjimti/go-echo | cjimti/go-echo\nCPU: 256 | 256\nMemory: 128 | 128\nMemory Reservation: 0 | 0\nDocker Labels:  | \nEnvironment: {} | {}\nHas_changed: false\n"
                },
                "selected_task_definition_for_deployment": {
                    "sensitive": false,
                    "type": "string",
                    "value": "default-cluster-default-echo-service:21"
                }
            },
            "resources": {
                "data.aws_ecs_container_definition.current": {
                    "type": "aws_ecs_container_definition",
                    "depends_on": [],
                    "primary": {
                        "id": "arn:aws:ecs:ap-southeast-2:797196847456:task-definition/default-cluster-default-echo-service:26/go-echo",
                        "attributes": {
                            "container_name": "go-echo",
                            "cpu": "256",
                            "disable_networking": "false",
                            "docker_labels.%": "0",
                            "environment.%": "0",
                            "id": "arn:aws:ecs:ap-southeast-2:797196847456:task-definition/default-cluster-default-echo-service:26/go-echo",
                            "image": "cjimti/go-echo",
                            "memory": "128",
                            "memory_reservation": "0",
                            "task_definition": "default-cluster-default-echo-service:26"
                        },
                        "meta": {},
                        "tainted": false
                    },
                    "deposed": [],
                    "provider": "provider.aws"
                }
            },
            "depends_on": []
        },
        {
            "path": [
                "root",
                "nlb_service",
                "iam"
            ],
            "outputs": {
                "ecs_task_execution_role_arn": {
                    "sensitive": false,
                    "type": "string",
                    "value": ""
                },
                "ecs_taskrole_arn": {
                    "sensitive": false,
                    "type": "string",
                    "value": "arn:aws:iam::797196847456:role/default-cluster-default-echo-service-task-role"
                },
                "ecs_taskrole_name": {
                    "sensitive": false,
                    "type": "string",
                    "value": "default-cluster-default-echo-service-task-role"
                },
                "lambda_ecs_task_scheduler_role_arn": {
                    "sensitive": false,
                    "type": "string",
                    "value": "arn:aws:iam::797196847456:role/ecs-lambda-task-scheduler-default-cluster-default-echo-service"
                },
                "lambda_lookup_role_arn": {
                    "sensitive": false,
                    "type": "string",
                    "value": "arn:aws:iam::797196847456:role/ecs-lambda-lookup-default-cluster-default-echo-service"
                },
                "lambda_lookup_role_name": {
                    "sensitive": false,
                    "type": "string",
                    "value": "ecs-lambda-lookup-default-cluster-default-echo-service"
                },
                "lambda_lookup_role_policy_id": {
                    "sensitive": false,
                    "type": "string",
                    "value": "ecs-lambda-lookup-default-cluster-default-echo-service:terraform-20190301022443929400000001"
                }
            },
            "resources": {
                "aws_iam_role.ecs_tasks_role": {
                    "type": "aws_iam_role",
                    "depends_on": [
                        "data.aws_iam_policy_document.ecs_task_assume_role.*"
                    ],
                    "primary": {
                        "id": "default-cluster-default-echo-service-task-role",
                        "attributes": {
                            "arn": "arn:aws:iam::797196847456:role/default-cluster-default-echo-service-task-role",
                            "assume_role_policy": "{\"Version\":\"2012-10-17\",\"Statement\":[{\"Sid\":\"\",\"Effect\":\"Allow\",\"Principal\":{\"Service\":\"ecs-tasks.amazonaws.com\"},\"Action\":\"sts:AssumeRole\"}]}",
                            "create_date": "2019-03-01T02:24:42Z",
                            "description": "",
                            "force_detach_policies": "false",
                            "id": "default-cluster-default-echo-service-task-role",
                            "max_session_duration": "3600",
                            "name": "default-cluster-default-echo-service-task-role",
                            "path": "/",
                            "tags.%": "0",
                            "unique_id": "AROAJQLXI2YZPZUXKJHEQ"
                        },
                        "meta": {},
                        "tainted": false
                    },
                    "deposed": [],
                    "provider": "provider.aws"
                },
                "aws_iam_role.lambda_ecs_task_scheduler": {
                    "type": "aws_iam_role",
                    "depends_on": [
                        "data.aws_iam_policy_document.lambda_trust_policy"
                    ],
                    "primary": {
                        "id": "ecs-lambda-task-scheduler-default-cluster-default-echo-service",
                        "attributes": {
                            "arn": "arn:aws:iam::797196847456:role/ecs-lambda-task-scheduler-default-cluster-default-echo-service",
                            "assume_role_policy": "{\"Version\":\"2012-10-17\",\"Statement\":[{\"Sid\":\"\",\"Effect\":\"Allow\",\"Principal\":{\"Service\":\"lambda.amazonaws.com\"},\"Action\":\"sts:AssumeRole\"}]}",
                            "create_date": "2019-03-01T02:24:42Z",
                            "description": "",
                            "force_detach_policies": "false",
                            "id": "ecs-lambda-task-scheduler-default-cluster-default-echo-service",
                            "max_session_duration": "3600",
                            "name": "ecs-lambda-task-scheduler-default-cluster-default-echo-service",
                            "path": "/",
                            "tags.%": "0",
                            "unique_id": "AROAI64Y5HX7SK5T4YDBG"
                        },
                        "meta": {},
                        "tainted": false
                    },
                    "deposed": [],
                    "provider": "provider.aws"
                },
                "aws_iam_role.lambda_lookup": {
                    "type": "aws_iam_role",
                    "depends_on": [
                        "data.aws_iam_policy_document.lambda_trust_policy"
                    ],
                    "primary": {
                        "id": "ecs-lambda-lookup-default-cluster-default-echo-service",
                        "attributes": {
                            "arn": "arn:aws:iam::797196847456:role/ecs-lambda-lookup-default-cluster-default-echo-service",
                            "assume_role_policy": "{\"Version\":\"2012-10-17\",\"Statement\":[{\"Sid\":\"\",\"Effect\":\"Allow\",\"Principal\":{\"Service\":\"lambda.amazonaws.com\"},\"Action\":\"sts:AssumeRole\"}]}",
                            "create_date": "2019-03-01T02:24:42Z",
                            "description": "Role permitting Lambda functions to be invoked from Lambda",
                            "force_detach_policies": "false",
                            "id": "ecs-lambda-lookup-default-cluster-default-echo-service",
                            "max_session_duration": "3600",
                            "name": "ecs-lambda-lookup-default-cluster-default-echo-service",
                            "path": "/",
                            "tags.%": "0",
                            "unique_id": "AROAIZSF2RJXP3IEYMOH4"
                        },
                        "meta": {},
                        "tainted": false
                    },
                    "deposed": [],
                    "provider": "provider.aws"
                },
                "aws_iam_role_policy.lambda_ecs_task_scheduler_policy": {
                    "type": "aws_iam_role_policy",
                    "depends_on": [
                        "aws_iam_role.lambda_ecs_task_scheduler",
                        "data.aws_iam_policy_document.lambda_ecs_task_scheduler_policy"
                    ],
                    "primary": {
                        "id": "ecs-lambda-task-scheduler-default-cluster-default-echo-service:terraform-20190301022443968100000002",
                        "attributes": {
                            "id": "ecs-lambda-task-scheduler-default-cluster-default-echo-service:terraform-20190301022443968100000002",
                            "name": "terraform-20190301022443968100000002",
                            "policy": "{\n  \"Version\": \"2012-10-17\",\n  \"Statement\": [\n    {\n      \"Sid\": \"\",\n      \"Effect\": \"Allow\",\n      \"Action\": \"iam:PassRole\",\n      \"Resource\": \"*\"\n    },\n    {\n      \"Sid\": \"\",\n      \"Effect\": \"Allow\",\n      \"Action\": \"ecs:RunTask\",\n      \"Resource\": \"*\",\n      \"Condition\": {\n        \"ArnEquals\": {\n          \"ecs:cluster\": \"arn:aws:ecs:ap-southeast-2:797196847456:cluster/default-cluster\"\n        }\n      }\n    },\n    {\n      \"Sid\": \"\",\n      \"Effect\": \"Allow\",\n      \"Action\": [\n        \"ecs:ListTasks\",\n        \"ecs:ListTaskDefinitions\",\n        \"ecs:DescribeTasks\",\n        \"ecs:DescribeTaskDefinition\",\n        \"ecs:DescribeServices\",\n        \"ecs:DeregisterTaskDefinition\"\n      ],\n      \"Resource\": \"*\"\n    },\n    {\n      \"Sid\": \"\",\n      \"Effect\": \"Allow\",\n      \"Action\": [\n        \"logs:PutLogEvents\",\n        \"logs:CreateLogStream\",\n        \"logs:CreateLogGroup\"\n      ],\n      \"Resource\": \"arn:aws:logs:ap-southeast-2:797196847456:log-group:/aws/lambda/default-cluster-default-echo-service-task-scheduler:*\"\n    },\n    {\n      \"Sid\": \"\",\n      \"Effect\": \"Allow\",\n      \"Action\": \"logs:PutLogEvents\",\n      \"Resource\": \"arn:aws:logs:ap-southeast-2:797196847456:log-group:/aws/lambda/default-cluster-default-echo-service-task-scheduler:*.*\"\n    }\n  ]\n}",
                            "role": "ecs-lambda-task-scheduler-default-cluster-default-echo-service"
                        },
                        "meta": {},
                        "tainted": false
                    },
                    "deposed": [],
                    "provider": "provider.aws"
                },
                "aws_iam_role_policy.lambda_lookup_policy": {
                    "type": "aws_iam_role_policy",
                    "depends_on": [
                        "aws_iam_role.lambda_lookup",
                        "data.aws_iam_policy_document.lambda_lookup_policy"
                    ],
                    "primary": {
                        "id": "ecs-lambda-lookup-default-cluster-default-echo-service:terraform-20190301022443929400000001",
                        "attributes": {
                            "id": "ecs-lambda-lookup-default-cluster-default-echo-service:terraform-20190301022443929400000001",
                            "name": "terraform-20190301022443929400000001",
                            "policy": "{\n  \"Version\": \"2012-10-17\",\n  \"Statement\": [\n    {\n      \"Sid\": \"\",\n      \"Effect\": \"Allow\",\n      \"Action\": [\n        \"ecs:ListTasks\",\n        \"ecs:ListTaskDefinitions\",\n        \"ecs:DescribeTasks\",\n        \"ecs:DescribeTaskDefinition\",\n        \"ecs:DescribeServices\",\n        \"ecs:DeregisterTaskDefinition\"\n      ],\n      \"Resource\": \"*\"\n    },\n    {\n      \"Sid\": \"\",\n      \"Effect\": \"Allow\",\n      \"Action\": [\n        \"logs:PutLogEvents\",\n        \"logs:CreateLogStream\",\n        \"logs:CreateLogGroup\"\n      ],\n      \"Resource\": \"arn:aws:logs:ap-southeast-2:797196847456:log-group:/aws/lambda/default-cluster-default-echo-service-lambda-lookup:*\"\n    },\n    {\n      \"Sid\": \"\",\n      \"Effect\": \"Allow\",\n      \"Action\": \"logs:PutLogEvents\",\n      \"Resource\": \"arn:aws:logs:ap-southeast-2:797196847456:log-group:/aws/lambda/default-cluster-default-echo-service-lambda-lookup:*.*\"\n    }\n  ]\n}",
                            "role": "ecs-lambda-lookup-default-cluster-default-echo-service"
                        },
                        "meta": {},
                        "tainted": false
                    },
                    "deposed": [],
                    "provider": "provider.aws"
                },
                "data.aws_caller_identity.current": {
                    "type": "aws_caller_identity",
                    "depends_on": [],
                    "primary": {
                        "id": "2019-03-05 21:11:39.992167 +0000 UTC",
                        "attributes": {
                            "account_id": "797196847456",
                            "arn": "arn:aws:iam::797196847456:user/Bastion",
                            "id": "2019-03-05 21:11:39.992167 +0000 UTC",
                            "user_id": "AIDAJXWLMETGBY667LCBY"
                        },
                        "meta": {},
                        "tainted": false
                    },
                    "deposed": [],
                    "provider": "provider.aws"
                },
                "data.aws_iam_policy_document.ecs_task_assume_role": {
                    "type": "aws_iam_policy_document",
                    "depends_on": [],
                    "primary": {
                        "id": "320642683",
                        "attributes": {
                            "id": "320642683",
                            "json": "{\n  \"Version\": \"2012-10-17\",\n  \"Statement\": [\n    {\n      \"Sid\": \"\",\n      \"Effect\": \"Allow\",\n      \"Action\": \"sts:AssumeRole\",\n      \"Principal\": {\n        \"Service\": \"ecs-tasks.amazonaws.com\"\n      }\n    }\n  ]\n}",
                            "statement.#": "1",
                            "statement.0.actions.#": "1",
                            "statement.0.actions.2528466339": "sts:AssumeRole",
                            "statement.0.condition.#": "0",
                            "statement.0.effect": "Allow",
                            "statement.0.not_actions.#": "0",
                            "statement.0.not_principals.#": "0",
                            "statement.0.not_resources.#": "0",
                            "statement.0.principals.#": "1",
                            "statement.0.principals.1709806136.identifiers.#": "1",
                            "statement.0.principals.1709806136.identifiers.3389920935": "ecs-tasks.amazonaws.com",
                            "statement.0.principals.1709806136.type": "Service",
                            "statement.0.resources.#": "0",
                            "statement.0.sid": "",
                            "version": "2012-10-17"
                        },
                        "meta": {},
                        "tainted": false
                    },
                    "deposed": [],
                    "provider": "provider.aws"
                },
                "data.aws_iam_policy_document.lambda_ecs_task_scheduler_policy": {
                    "type": "aws_iam_policy_document",
                    "depends_on": [
                        "data.aws_caller_identity.current.*"
                    ],
                    "primary": {
                        "id": "2784842240",
                        "attributes": {
                            "id": "2784842240",
                            "json": "{\n  \"Version\": \"2012-10-17\",\n  \"Statement\": [\n    {\n      \"Sid\": \"\",\n      \"Effect\": \"Allow\",\n      \"Action\": \"iam:PassRole\",\n      \"Resource\": \"*\"\n    },\n    {\n      \"Sid\": \"\",\n      \"Effect\": \"Allow\",\n      \"Action\": \"ecs:RunTask\",\n      \"Resource\": \"*\",\n      \"Condition\": {\n        \"ArnEquals\": {\n          \"ecs:cluster\": \"arn:aws:ecs:ap-southeast-2:797196847456:cluster/default-cluster\"\n        }\n      }\n    },\n    {\n      \"Sid\": \"\",\n      \"Effect\": \"Allow\",\n      \"Action\": [\n        \"ecs:ListTasks\",\n        \"ecs:ListTaskDefinitions\",\n        \"ecs:DescribeTasks\",\n        \"ecs:DescribeTaskDefinition\",\n        \"ecs:DescribeServices\",\n        \"ecs:DeregisterTaskDefinition\"\n      ],\n      \"Resource\": \"*\"\n    },\n    {\n      \"Sid\": \"\",\n      \"Effect\": \"Allow\",\n      \"Action\": [\n        \"logs:PutLogEvents\",\n        \"logs:CreateLogStream\",\n        \"logs:CreateLogGroup\"\n      ],\n      \"Resource\": \"arn:aws:logs:ap-southeast-2:797196847456:log-group:/aws/lambda/default-cluster-default-echo-service-task-scheduler:*\"\n    },\n    {\n      \"Sid\": \"\",\n      \"Effect\": \"Allow\",\n      \"Action\": \"logs:PutLogEvents\",\n      \"Resource\": \"arn:aws:logs:ap-southeast-2:797196847456:log-group:/aws/lambda/default-cluster-default-echo-service-task-scheduler:*.*\"\n    }\n  ]\n}",
                            "statement.#": "5",
                            "statement.0.actions.#": "1",
                            "statement.0.actions.646648939": "iam:PassRole",
                            "statement.0.condition.#": "0",
                            "statement.0.effect": "Allow",
                            "statement.0.not_actions.#": "0",
                            "statement.0.not_principals.#": "0",
                            "statement.0.not_resources.#": "0",
                            "statement.0.principals.#": "0",
                            "statement.0.resources.#": "1",
                            "statement.0.resources.2679715827": "*",
                            "statement.0.sid": "",
                            "statement.1.actions.#": "1",
                            "statement.1.actions.274876584": "ecs:RunTask",
                            "statement.1.condition.#": "1",
                            "statement.1.condition.2035716220.test": "ArnEquals",
                            "statement.1.condition.2035716220.values.#": "1",
                            "statement.1.condition.2035716220.values.2644170813": "arn:aws:ecs:ap-southeast-2:797196847456:cluster/default-cluster",
                            "statement.1.condition.2035716220.variable": "ecs:cluster",
                            "statement.1.effect": "Allow",
                            "statement.1.not_actions.#": "0",
                            "statement.1.not_principals.#": "0",
                            "statement.1.not_resources.#": "0",
                            "statement.1.principals.#": "0",
                            "statement.1.resources.#": "1",
                            "statement.1.resources.2679715827": "*",
                            "statement.1.sid": "",
                            "statement.2.actions.#": "6",
                            "statement.2.actions.1001385505": "ecs:DescribeTaskDefinition",
                            "statement.2.actions.101654699": "ecs:ListTasks",
                            "statement.2.actions.2086247879": "ecs:DescribeServices",
                            "statement.2.actions.2483994223": "ecs:DeregisterTaskDefinition",
                            "statement.2.actions.2813883710": "ecs:ListTaskDefinitions",
                            "statement.2.actions.974674342": "ecs:DescribeTasks",
                            "statement.2.condition.#": "0",
                            "statement.2.effect": "Allow",
                            "statement.2.not_actions.#": "0",
                            "statement.2.not_principals.#": "0",
                            "statement.2.not_resources.#": "0",
                            "statement.2.principals.#": "0",
                            "statement.2.resources.#": "1",
                            "statement.2.resources.2679715827": "*",
                            "statement.2.sid": "",
                            "statement.3.actions.#": "3",
                            "statement.3.actions.2809485102": "logs:CreateLogGroup",
                            "statement.3.actions.3285979848": "logs:CreateLogStream",
                            "statement.3.actions.39743051": "logs:PutLogEvents",
                            "statement.3.condition.#": "0",
                            "statement.3.effect": "Allow",
                            "statement.3.not_actions.#": "0",
                            "statement.3.not_principals.#": "0",
                            "statement.3.not_resources.#": "0",
                            "statement.3.principals.#": "0",
                            "statement.3.resources.#": "1",
                            "statement.3.resources.1028281692": "arn:aws:logs:ap-southeast-2:797196847456:log-group:/aws/lambda/default-cluster-default-echo-service-task-scheduler:*",
                            "statement.3.sid": "",
                            "statement.4.actions.#": "1",
                            "statement.4.actions.39743051": "logs:PutLogEvents",
                            "statement.4.condition.#": "0",
                            "statement.4.effect": "Allow",
                            "statement.4.not_actions.#": "0",
                            "statement.4.not_principals.#": "0",
                            "statement.4.not_resources.#": "0",
                            "statement.4.principals.#": "0",
                            "statement.4.resources.#": "1",
                            "statement.4.resources.2287721473": "arn:aws:logs:ap-southeast-2:797196847456:log-group:/aws/lambda/default-cluster-default-echo-service-task-scheduler:*.*",
                            "statement.4.sid": "",
                            "version": "2012-10-17"
                        },
                        "meta": {},
                        "tainted": false
                    },
                    "deposed": [],
                    "provider": "provider.aws"
                },
                "data.aws_iam_policy_document.lambda_lookup_policy": {
                    "type": "aws_iam_policy_document",
                    "depends_on": [
                        "data.aws_caller_identity.current.*"
                    ],
                    "primary": {
                        "id": "2761108475",
                        "attributes": {
                            "id": "2761108475",
                            "json": "{\n  \"Version\": \"2012-10-17\",\n  \"Statement\": [\n    {\n      \"Sid\": \"\",\n      \"Effect\": \"Allow\",\n      \"Action\": [\n        \"ecs:ListTasks\",\n        \"ecs:ListTaskDefinitions\",\n        \"ecs:DescribeTasks\",\n        \"ecs:DescribeTaskDefinition\",\n        \"ecs:DescribeServices\",\n        \"ecs:DeregisterTaskDefinition\"\n      ],\n      \"Resource\": \"*\"\n    },\n    {\n      \"Sid\": \"\",\n      \"Effect\": \"Allow\",\n      \"Action\": [\n        \"logs:PutLogEvents\",\n        \"logs:CreateLogStream\",\n        \"logs:CreateLogGroup\"\n      ],\n      \"Resource\": \"arn:aws:logs:ap-southeast-2:797196847456:log-group:/aws/lambda/default-cluster-default-echo-service-lambda-lookup:*\"\n    },\n    {\n      \"Sid\": \"\",\n      \"Effect\": \"Allow\",\n      \"Action\": \"logs:PutLogEvents\",\n      \"Resource\": \"arn:aws:logs:ap-southeast-2:797196847456:log-group:/aws/lambda/default-cluster-default-echo-service-lambda-lookup:*.*\"\n    }\n  ]\n}",
                            "statement.#": "3",
                            "statement.0.actions.#": "6",
                            "statement.0.actions.1001385505": "ecs:DescribeTaskDefinition",
                            "statement.0.actions.101654699": "ecs:ListTasks",
                            "statement.0.actions.2086247879": "ecs:DescribeServices",
                            "statement.0.actions.2483994223": "ecs:DeregisterTaskDefinition",
                            "statement.0.actions.2813883710": "ecs:ListTaskDefinitions",
                            "statement.0.actions.974674342": "ecs:DescribeTasks",
                            "statement.0.condition.#": "0",
                            "statement.0.effect": "Allow",
                            "statement.0.not_actions.#": "0",
                            "statement.0.not_principals.#": "0",
                            "statement.0.not_resources.#": "0",
                            "statement.0.principals.#": "0",
                            "statement.0.resources.#": "1",
                            "statement.0.resources.2679715827": "*",
                            "statement.0.sid": "",
                            "statement.1.actions.#": "3",
                            "statement.1.actions.2809485102": "logs:CreateLogGroup",
                            "statement.1.actions.3285979848": "logs:CreateLogStream",
                            "statement.1.actions.39743051": "logs:PutLogEvents",
                            "statement.1.condition.#": "0",
                            "statement.1.effect": "Allow",
                            "statement.1.not_actions.#": "0",
                            "statement.1.not_principals.#": "0",
                            "statement.1.not_resources.#": "0",
                            "statement.1.principals.#": "0",
                            "statement.1.resources.#": "1",
                            "statement.1.resources.1513764997": "arn:aws:logs:ap-southeast-2:797196847456:log-group:/aws/lambda/default-cluster-default-echo-service-lambda-lookup:*",
                            "statement.1.sid": "",
                            "statement.2.actions.#": "1",
                            "statement.2.actions.39743051": "logs:PutLogEvents",
                            "statement.2.condition.#": "0",
                            "statement.2.effect": "Allow",
                            "statement.2.not_actions.#": "0",
                            "statement.2.not_principals.#": "0",
                            "statement.2.not_resources.#": "0",
                            "statement.2.principals.#": "0",
                            "statement.2.resources.#": "1",
                            "statement.2.resources.3953318082": "arn:aws:logs:ap-southeast-2:797196847456:log-group:/aws/lambda/default-cluster-default-echo-service-lambda-lookup:*.*",
                            "statement.2.sid": "",
                            "version": "2012-10-17"
                        },
                        "meta": {},
                        "tainted": false
                    },
                    "deposed": [],
                    "provider": "provider.aws"
                },
                "data.aws_iam_policy_document.lambda_trust_policy": {
                    "type": "aws_iam_policy_document",
                    "depends_on": [],
                    "primary": {
                        "id": "3693445097",
                        "attributes": {
                            "id": "3693445097",
                            "json": "{\n  \"Version\": \"2012-10-17\",\n  \"Statement\": [\n    {\n      \"Sid\": \"\",\n      \"Effect\": \"Allow\",\n      \"Action\": \"sts:AssumeRole\",\n      \"Principal\": {\n        \"Service\": \"lambda.amazonaws.com\"\n      }\n    }\n  ]\n}",
                            "statement.#": "1",
                            "statement.0.actions.#": "1",
                            "statement.0.actions.2528466339": "sts:AssumeRole",
                            "statement.0.condition.#": "0",
                            "statement.0.effect": "Allow",
                            "statement.0.not_actions.#": "0",
                            "statement.0.not_principals.#": "0",
                            "statement.0.not_resources.#": "0",
                            "statement.0.principals.#": "1",
                            "statement.0.principals.3118762561.identifiers.#": "1",
                            "statement.0.principals.3118762561.identifiers.2638019528": "lambda.amazonaws.com",
                            "statement.0.principals.3118762561.type": "Service",
                            "statement.0.resources.#": "0",
                            "statement.0.sid": "",
                            "version": "2012-10-17"
                        },
                        "meta": {},
                        "tainted": false
                    },
                    "deposed": [],
                    "provider": "provider.aws"
                },
                "data.aws_iam_policy_document.s3_ro_permissions": {
                    "type": "aws_iam_policy_document",
                    "depends_on": [],
                    "primary": {
                        "id": "3350033020",
                        "attributes": {
                            "id": "3350033020",
                            "json": "{\n  \"Version\": \"2012-10-17\",\n  \"Statement\": [\n    {\n      \"Sid\": \"\",\n      \"Effect\": \"Allow\",\n      \"Action\": \"s3:ListBucket\"\n    },\n    {\n      \"Sid\": \"\",\n      \"Effect\": \"Allow\",\n      \"Action\": \"s3:GetObject\"\n    }\n  ]\n}",
                            "statement.#": "2",
                            "statement.0.actions.#": "1",
                            "statement.0.actions.486976917": "s3:ListBucket",
                            "statement.0.condition.#": "0",
                            "statement.0.effect": "Allow",
                            "statement.0.not_actions.#": "0",
                            "statement.0.not_principals.#": "0",
                            "statement.0.not_resources.#": "0",
                            "statement.0.principals.#": "0",
                            "statement.0.resources.#": "0",
                            "statement.0.sid": "",
                            "statement.1.actions.#": "1",
                            "statement.1.actions.2071725391": "s3:GetObject",
                            "statement.1.condition.#": "0",
                            "statement.1.effect": "Allow",
                            "statement.1.not_actions.#": "0",
                            "statement.1.not_principals.#": "0",
                            "statement.1.not_resources.#": "0",
                            "statement.1.principals.#": "0",
                            "statement.1.resources.#": "0",
                            "statement.1.sid": "",
                            "version": "2012-10-17"
                        },
                        "meta": {},
                        "tainted": false
                    },
                    "deposed": [],
                    "provider": "provider.aws"
                },
                "data.aws_iam_policy_document.s3_rw_permissions": {
                    "type": "aws_iam_policy_document",
                    "depends_on": [],
                    "primary": {
                        "id": "873064038",
                        "attributes": {
                            "id": "873064038",
                            "json": "{\n  \"Version\": \"2012-10-17\",\n  \"Statement\": [\n    {\n      \"Sid\": \"\",\n      \"Effect\": \"Allow\",\n      \"Action\": \"s3:ListBucket\"\n    },\n    {\n      \"Sid\": \"\",\n      \"Effect\": \"Allow\",\n      \"Action\": \"s3:*\"\n    }\n  ]\n}",
                            "statement.#": "2",
                            "statement.0.actions.#": "1",
                            "statement.0.actions.486976917": "s3:ListBucket",
                            "statement.0.condition.#": "0",
                            "statement.0.effect": "Allow",
                            "statement.0.not_actions.#": "0",
                            "statement.0.not_principals.#": "0",
                            "statement.0.not_resources.#": "0",
                            "statement.0.principals.#": "0",
                            "statement.0.resources.#": "0",
                            "statement.0.sid": "",
                            "statement.1.actions.#": "1",
                            "statement.1.actions.1834123015": "s3:*",
                            "statement.1.condition.#": "0",
                            "statement.1.effect": "Allow",
                            "statement.1.not_actions.#": "0",
                            "statement.1.not_principals.#": "0",
                            "statement.1.not_resources.#": "0",
                            "statement.1.principals.#": "0",
                            "statement.1.resources.#": "0",
                            "statement.1.sid": "",
                            "version": "2012-10-17"
                        },
                        "meta": {},
                        "tainted": false
                    },
                    "deposed": [],
                    "provider": "provider.aws"
                }
            },
            "depends_on": []
        },
        {
            "path": [
                "root",
                "nlb_service",
                "lambda_ecs_task_scheduler"
            ],
            "outputs": {},
            "resources": {},
            "depends_on": []
        },
        {
            "path": [
                "root",
                "nlb_service",
                "live_task_lookup"
            ],
            "outputs": {
                "cpu": {
                    "sensitive": false,
                    "type": "string",
                    "value": "256"
                },
                "docker_label_hash": {
                    "sensitive": false,
                    "type": "string",
                    "value": ""
                },
                "environment_json": {
                    "sensitive": false,
                    "type": "string",
                    "value": "{}"
                },
                "image": {
                    "sensitive": false,
                    "type": "string",
                    "value": "cjimti/go-echo"
                },
                "memory": {
                    "sensitive": false,
                    "type": "string",
                    "value": "128"
                },
                "memory_reservation": {
                    "sensitive": false,
                    "type": "string",
                    "value": "undefined"
                },
                "revision": {
                    "sensitive": false,
                    "type": "string",
                    "value": "21"
                }
            },
            "resources": {
                "aws_lambda_function.lambda_lookup": {
                    "type": "aws_lambda_function",
                    "depends_on": [
                        "null_resource.force_policy_dependency"
                    ],
                    "primary": {
                        "id": "default-cluster-default-echo-service-lambda-lookup",
                        "attributes": {
                            "arn": "arn:aws:lambda:ap-southeast-2:797196847456:function:default-cluster-default-echo-service-lambda-lookup",
                            "dead_letter_config.#": "0",
                            "description": "",
                            "environment.#": "0",
                            "filename": "/Users/jamienelson/Dropbox/codelibrary/gentrack/terraform-aws-airship-ecs-service/examples/with_nlb/.terraform/modules/7d8349791a1af7f0b1366924c2fe878a/lookup.zip",
                            "function_name": "default-cluster-default-echo-service-lambda-lookup",
                            "handler": "index.handler",
                            "id": "default-cluster-default-echo-service-lambda-lookup",
                            "invoke_arn": "arn:aws:apigateway:ap-southeast-2:lambda:path/2015-03-31/functions/arn:aws:lambda:ap-southeast-2:797196847456:function:default-cluster-default-echo-service-lambda-lookup/invocations",
                            "kms_key_arn": "",
                            "last_modified": "2019-03-01T02:24:55.322+0000",
                            "layers.#": "0",
                            "memory_size": "128",
                            "publish": "true",
                            "qualified_arn": "arn:aws:lambda:ap-southeast-2:797196847456:function:default-cluster-default-echo-service-lambda-lookup:1",
                            "reserved_concurrent_executions": "-1",
                            "role": "arn:aws:iam::797196847456:role/ecs-lambda-lookup-default-cluster-default-echo-service",
                            "runtime": "nodejs8.10",
                            "source_code_hash": "FpADIVAgjPTI4NoP3Bukvb+obkKypU2SNX1OQ18FVnE=",
                            "source_code_size": "1178",
                            "tags.%": "0",
                            "timeout": "3",
                            "tracing_config.#": "1",
                            "tracing_config.0.mode": "PassThrough",
                            "version": "1",
                            "vpc_config.#": "0"
                        },
                        "meta": {
                            "e2bfb730-ecaa-11e6-8f88-34363bc7c4c0": {
                                "create": 600000000000
                            }
                        },
                        "tainted": false
                    },
                    "deposed": [],
                    "provider": "provider.aws"
                },
                "data.aws_lambda_invocation.lambda_lookup": {
                    "type": "aws_lambda_invocation",
                    "depends_on": [
                        "aws_lambda_function.lambda_lookup",
                        "null_resource.force_policy_dependency"
                    ],
                    "primary": {
                        "id": "default-cluster-default-echo-service-lambda-lookup_1_7de39dc438edae8febe65ec5fdd55e5c",
                        "attributes": {
                            "function_name": "default-cluster-default-echo-service-lambda-lookup",
                            "id": "default-cluster-default-echo-service-lambda-lookup_1_7de39dc438edae8febe65ec5fdd55e5c",
                            "input": "{\n  \"ecs_cluster\": \"default-cluster\",\n  \"ecs_service\": \"default-echo-service\",\n  \"ecs_task_container_name\": \"go-echo\"\n}\n",
                            "qualifier": "1",
                            "result": "{\"image\":\"cjimti/go-echo\",\"memory_reservation\":\"undefined\",\"cpu\":\"256\",\"memory\":\"128\",\"environment\":\"{}\",\"task_revision\":\"21\"}",
                            "result_map.%": "6",
                            "result_map.cpu": "256",
                            "result_map.environment": "{}",
                            "result_map.image": "cjimti/go-echo",
                            "result_map.memory": "128",
                            "result_map.memory_reservation": "undefined",
                            "result_map.task_revision": "21"
                        },
                        "meta": {},
                        "tainted": false
                    },
                    "deposed": [],
                    "provider": "provider.aws"
                },
                "null_resource.force_policy_dependency": {
                    "type": "null_resource",
                    "depends_on": [],
                    "primary": {
                        "id": "2141022711161050639",
                        "attributes": {
                            "id": "2141022711161050639",
                            "triggers.%": "1",
                            "triggers.listeners": "ecs-lambda-lookup-default-cluster-default-echo-service:terraform-20190301022443929400000001"
                        },
                        "meta": {},
                        "tainted": false
                    },
                    "deposed": [],
                    "provider": "provider.null"
                }
            },
            "depends_on": []
        }
    ]
}
